
Microsoft Visual Studio Solution File, Format Version 12.00
# Visual Studio Version 17
VisualStudioVersion = 17.4.33205.214
MinimumVisualStudioVersion = 10.0.40219.1
Project("{FAE04EC0-301F-11D3-BF4B-00C04F79EFBC}") = "WorkBariri", "WorkBariri.csproj", "{B1B9CD9A-BFA3-4A7A-ABC5-334C48109935}"
EndProject
Global
	GlobalSection(SolutionConfigurationPlatforms) = preSolution
		Debug|Any CPU = Debug|Any CPU
		Release|Any CPU = Release|Any CPU
	EndGlobalSection
	GlobalSection(ProjectConfigurationPlatforms) = postSolution
		{B1B9CD9A-BFA3-4A7A-ABC5-334C48109935}.Debug|Any CPU.ActiveCfg = Debug|Any CPU
		{B1B9CD9A-BFA3-4A7A-ABC5-334C48109935}.Debug|Any CPU.Build.0 = Debug|Any CPU
		{B1B9CD9A-BFA3-4A7A-ABC5-334C48109935}.Release|Any CPU.ActiveCfg = Release|Any CPU
		{B1B9CD9A-BFA3-4A7A-ABC5-334C48109935}.Release|Any CPU.Build.0 = Release|Any CPU
	EndGlobalSection
	GlobalSection(SolutionProperties) = preSolution
		HideSolutionNode = FALSE
	EndGlobalSection
	GlobalSection(ExtensibilityGlobals) = postSolution
		SolutionGuid = {D3C8B8E3-E37C-44A8-BB12-7DD0AE815621}
	EndGlobalSection
EndGlobal
